{
  "requires": true,
  "lockfileVersion": 1,
  "dependencies": {
    "@syncfusion/ej2-angular-base": {
      "version": "18.3.47",
      "resolved": "https://registry.npmjs.org/@syncfusion/ej2-angular-base/-/ej2-angular-base-18.3.47.tgz",
      "integrity": "sha512-WB+vdM3yDP67kTolErHLW75ndwkS14dSS2DEOAoZQABC3R+9w2R6TdZAl6e0wcsq2YOggDWVA5EKZQQCshn0mQ==",
      "requires": {
        "@syncfusion/ej2-base": "~18.3.47",
        "@syncfusion/ej2-icons": "~18.3.47",
        "core-js": "^3.4.8",
        "reflect-metadata": "^0.1.9",
        "rxjs": "^6.5.4",
        "rxjs-compat": "^6.5.4",
        "zone.js": "^0.10.2"
      }
    },
    "@syncfusion/ej2-angular-navigations": {
      "version": "18.3.47",
      "resolved": "https://registry.npmjs.org/@syncfusion/ej2-angular-navigations/-/ej2-angular-navigations-18.3.47.tgz",
      "integrity": "sha512-POI9ZEbCg8yg0tr8BHbkR1zY1JxrNgyf2iz+7PuszmElwVKJYj6Q8+CKLdRYt45Pehhy07cFr8YCbMyLr1RcvA==",
      "requires": {
        "@syncfusion/ej2-angular-base": "~18.3.47",
        "@syncfusion/ej2-base": "~18.3.47",
        "@syncfusion/ej2-navigations": "18.3.47",
        "@types/lodash": "4.14.159",
        "@types/node": "11.15.20"
      }
    },
    "@syncfusion/ej2-base": {
      "version": "18.3.48",
      "resolved": "https://registry.npmjs.org/@syncfusion/ej2-base/-/ej2-base-18.3.48.tgz",
      "integrity": "sha512-4R7tH7xnWBH6eE5Lo1JG97jJf9hq0aeYvGH8zoU4nUIuk7P82x9y56WEU601wQIUb4mf2WSwjEvRaWTt9tBNFw==",
      "requires": {
        "@syncfusion/ej2-icons": "~18.3.47"
      }
    },
    "@syncfusion/ej2-buttons": {
      "version": "18.3.47",
      "resolved": "https://registry.npmjs.org/@syncfusion/ej2-buttons/-/ej2-buttons-18.3.47.tgz",
      "integrity": "sha512-V/uzgfaE4f0bfbxKbztIs4Px6cVEVYKKoSMMTWxGFOAD1Ol2Hp055MJzDjQTzmoaq7TlLjyHXGZDsYoKGuguGw==",
      "requires": {
        "@syncfusion/ej2-base": "~18.3.47"
      }
    },
    "@syncfusion/ej2-data": {
      "version": "18.3.47",
      "resolved": "https://registry.npmjs.org/@syncfusion/ej2-data/-/ej2-data-18.3.47.tgz",
      "integrity": "sha512-9ugdrThHhh/7ShZIotuBIsUUAhh8L/jCXrXGTbepmikgZpsMp5npv5BNK3E5M7LE70Pl5MMzLyqORrS5l8v4Ow==",
      "requires": {
        "@syncfusion/ej2-base": "~18.3.47"
      }
    },
    "@syncfusion/ej2-icons": {
      "version": "18.3.47",
      "resolved": "https://registry.npmjs.org/@syncfusion/ej2-icons/-/ej2-icons-18.3.47.tgz",
      "integrity": "sha512-SSasO60RF0wZuPvz7KUMhvqeZgHCBOrCy2IjPywg3YDOgH244E90NasE0jfGm/1HDdkkVhxWATh8bZh79Ivg/g=="
    },
    "@syncfusion/ej2-inputs": {
      "version": "18.3.48",
      "resolved": "https://registry.npmjs.org/@syncfusion/ej2-inputs/-/ej2-inputs-18.3.48.tgz",
      "integrity": "sha512-15P6l7vxA0KCi0wQTk2VV283hACNKy0FK8256xvcFC2MnlYhOnmsQfHLptYFAeKvzc0+n5bxJmn+d0FUtHL2aQ==",
      "requires": {
        "@syncfusion/ej2-base": "~18.3.48",
        "@syncfusion/ej2-buttons": "~18.3.47",
        "@syncfusion/ej2-popups": "~18.3.47",
        "@syncfusion/ej2-splitbuttons": "~18.3.48"
      }
    },
    "@syncfusion/ej2-lists": {
      "version": "18.3.47",
      "resolved": "https://registry.npmjs.org/@syncfusion/ej2-lists/-/ej2-lists-18.3.47.tgz",
      "integrity": "sha512-1fZ9ApsyFFRHLIqZyQ6sWCOFbFLNnRxfaoT81jfA1cQdGdiCuA6B5Q4FLXEnZ6/QZMkgfrWr7VxDP8QNkud0pA==",
      "requires": {
        "@syncfusion/ej2-base": "~18.3.47",
        "@syncfusion/ej2-buttons": "~18.3.47",
        "@syncfusion/ej2-data": "~18.3.47"
      }
    },
    "@syncfusion/ej2-navigations": {
      "version": "18.3.47",
      "resolved": "https://registry.npmjs.org/@syncfusion/ej2-navigations/-/ej2-navigations-18.3.47.tgz",
      "integrity": "sha512-GrtLUXBeZN2eJ8zVS97nujonQx6owX1ZcDR2ps0sEQRMp+BFWOCt7FvMF8bnFzmhnjQT9I14CKoz63TezOeCZQ==",
      "requires": {
        "@syncfusion/ej2-base": "~18.3.47",
        "@syncfusion/ej2-buttons": "~18.3.47",
        "@syncfusion/ej2-data": "~18.3.47",
        "@syncfusion/ej2-inputs": "~18.3.47",
        "@syncfusion/ej2-lists": "~18.3.47",
        "@syncfusion/ej2-popups": "~18.3.47"
      }
    },
    "@syncfusion/ej2-popups": {
      "version": "18.3.47",
      "resolved": "https://registry.npmjs.org/@syncfusion/ej2-popups/-/ej2-popups-18.3.47.tgz",
      "integrity": "sha512-or78MNUM8USzsvYXE4dl5Qxzb6Eackn94SH+wc/fX1Fkfy3/nLYD0lkVsF3X6k7W6W0PhcBBfD1DDEP/nXe6tQ==",
      "requires": {
        "@syncfusion/ej2-base": "~18.3.47",
        "@syncfusion/ej2-buttons": "~18.3.47"
      }
    },
    "@syncfusion/ej2-splitbuttons": {
      "version": "18.3.48",
      "resolved": "https://registry.npmjs.org/@syncfusion/ej2-splitbuttons/-/ej2-splitbuttons-18.3.48.tgz",
      "integrity": "sha512-IyC189l8mySJriGle4lMT1z00DCaH93SJ8OySA1ocO/ebRao/ZlpnQNZSRDlCKl0WcUrilmhn0SAqdxKfa7VYw==",
      "requires": {
        "@syncfusion/ej2-base": "~18.3.48",
        "@syncfusion/ej2-popups": "~18.3.47"
      }
    },
    "@types/lodash": {
      "version": "4.14.159",
      "resolved": "https://registry.npmjs.org/@types/lodash/-/lodash-4.14.159.tgz",
      "integrity": "sha512-gF7A72f7WQN33DpqOWw9geApQPh4M3PxluMtaHxWHXEGSN12/WbcEk/eNSqWNQcQhF66VSZ06vCF94CrHwXJDg=="
    },
    "@types/node": {
      "version": "11.15.20",
      "resolved": "https://registry.npmjs.org/@types/node/-/node-11.15.20.tgz",
      "integrity": "sha512-DY2QwdrBqNlsxdMehwzUtSsWHgYYPLVCAuXvOcu3wkzYmchbRunQ7OEZFOrmFoBLfA1ysz2Ypr6vtNP9WQkUaQ=="
    },
    "core-js": {
      "version": "3.7.0",
      "resolved": "https://registry.npmjs.org/core-js/-/core-js-3.7.0.tgz",
      "integrity": "sha512-NwS7fI5M5B85EwpWuIwJN4i/fbisQUwLwiSNUWeXlkAZ0sbBjLEvLvFLf1uzAUV66PcEPt4xCGCmOZSxVf3xzA=="
    },
    "reflect-metadata": {
      "version": "0.1.13",
      "resolved": "https://registry.npmjs.org/reflect-metadata/-/reflect-metadata-0.1.13.tgz",
      "integrity": "sha512-Ts1Y/anZELhSsjMcU605fU9RE4Oi3p5ORujwbIKXfWa+0Zxs510Qrmrce5/Jowq3cHSZSJqBjypxmHarc+vEWg=="
    },
    "rxjs": {
      "version": "6.6.3",
      "resolved": "https://registry.npmjs.org/rxjs/-/rxjs-6.6.3.tgz",
      "integrity": "sha512-trsQc+xYYXZ3urjOiJOuCOa5N3jAZ3eiSpQB5hIT8zGlL2QfnHLJ2r7GMkBGuIausdJN1OneaI6gQlsqNHHmZQ==",
      "requires": {
        "tslib": "^1.9.0"
      }
    },
    "rxjs-compat": {
      "version": "6.6.3",
      "resolved": "https://registry.npmjs.org/rxjs-compat/-/rxjs-compat-6.6.3.tgz",
      "integrity": "sha512-y+wUqq7bS2dG+7rH2fNMoxsDiJ32RQzFxZQE/JdtpnmEZmwLQrb1tCiItyHxdXJHXjmHnnzFscn3b6PEmORGKw=="
    },
    "tslib": {
      "version": "1.14.1",
      "resolved": "https://registry.npmjs.org/tslib/-/tslib-1.14.1.tgz",
      "integrity": "sha512-Xni35NKzjgMrwevysHTCArtLDpPvye8zV/0E4EyYn43P7/7qvQwPh9BGkHewbMulVntbigmcT7rdX3BNo9wRJg=="
    },
    "zone.js": {
      "version": "0.10.3",
      "resolved": "https://registry.npmjs.org/zone.js/-/zone.js-0.10.3.tgz",
      "integrity": "sha512-LXVLVEq0NNOqK/fLJo3d0kfzd4sxwn2/h67/02pjCjfKDxgx1i9QqpvtHD8CrBnSSwMw5+dy11O7FRX5mkO7Cg=="
    }
  }
}
